# Generated by buf. DO NOT EDIT.
version: v1
deps:
  - remote: buf.build
    owner: streamingfast
    repository: substreams
    commit: cb9ab26cac99430ea743c6309f93b3a8
    digest: shake256:39bf61432a0ad19f8e7d776dba413db1da240477721249f580380c5185035e8ecb61cbc854c2646283a16d4eab582cfe709d77a17550fbf67a42fe35b8927eca
